
Microsoft Visual Studio Solution File, Format Version 12.00
# Visual Studio Version 17
VisualStudioVersion = 17.3.32901.215
MinimumVisualStudioVersion = 10.0.40219.1
Project("{9A19103F-16F7-4668-BE54-9A1E7A4F7556}") = "cherryBoy", "cherryBoy.csproj", "{90E0427A-084E-479E-A160-183ADB1CA920}"
EndProject
Global
	GlobalSection(SolutionConfigurationPlatforms) = preSolution
		Debug|Any CPU = Debug|Any CPU
		Release|Any CPU = Release|Any CPU
	EndGlobalSection
	GlobalSection(ProjectConfigurationPlatforms) = postSolution
		{90E0427A-084E-479E-A160-183ADB1CA920}.Debug|Any CPU.ActiveCfg = Debug|Any CPU
		{90E0427A-084E-479E-A160-183ADB1CA920}.Debug|Any CPU.Build.0 = Debug|Any CPU
		{90E0427A-084E-479E-A160-183ADB1CA920}.Release|Any CPU.ActiveCfg = Release|Any CPU
		{90E0427A-084E-479E-A160-183ADB1CA920}.Release|Any CPU.Build.0 = Release|Any CPU
	EndGlobalSection
	GlobalSection(SolutionProperties) = preSolution
		HideSolutionNode = FALSE
	EndGlobalSection
	GlobalSection(ExtensibilityGlobals) = postSolution
		SolutionGuid = {F7452499-549E-470D-BA3C-EFF9C2580D01}
	EndGlobalSection
EndGlobal
